
Microsoft Visual Studio Solution File, Format Version 12.00
Project("{FAE04EC0-301F-11D3-BF4B-00C04F79EFBC}") = "simple_ide", "simple_ide\simple_ide.csproj", "{CDB53EE4-C38D-4B28-8064-B27DE26C5DFD}"
EndProject
Global
	GlobalSection(SolutionConfigurationPlatforms) = preSolution
		Debug|Any CPU = Debug|Any CPU
		Release|Any CPU = Release|Any CPU
	EndGlobalSection
	GlobalSection(ProjectConfigurationPlatforms) = postSolution
		{CDB53EE4-C38D-4B28-8064-B27DE26C5DFD}.Debug|Any CPU.ActiveCfg = Debug|Any CPU
		{CDB53EE4-C38D-4B28-8064-B27DE26C5DFD}.Debug|Any CPU.Build.0 = Debug|Any CPU
		{CDB53EE4-C38D-4B28-8064-B27DE26C5DFD}.Release|Any CPU.ActiveCfg = Release|Any CPU
		{CDB53EE4-C38D-4B28-8064-B27DE26C5DFD}.Release|Any CPU.Build.0 = Release|Any CPU
	EndGlobalSection
EndGlobal
